
Microsoft Visual Studio Solution File, Format Version 12.00
# Visual Studio Version 16
VisualStudioVersion = 16.0.29609.76
MinimumVisualStudioVersion = 10.0.40219.1
Project("{8BC9CEB8-8B4A-11D0-8D11-00A0C91BC942}") = "Task1", "Task1.vcxproj", "{6E0889A2-D117-45F9-BF31-FEDDDB78CDB7}"
EndProject
Project("{8BC9CEB8-8B4A-11D0-8D11-00A0C91BC942}") = "Task2", "..\Task2\Task2.vcxproj", "{7A810310-D257-4C6A-83FC-E096E0EB1775}"
EndProject
Project("{8BC9CEB8-8B4A-11D0-8D11-00A0C91BC942}") = "Task3-4", "..\Task3-4\Task3-4.vcxproj", "{ABF094B6-0088-47B6-9511-362A0FA9D6C2}"
EndProject
Project("{8BC9CEB8-8B4A-11D0-8D11-00A0C91BC942}") = "Task5", "..\Task5\Task5.vcxproj", "{EC199160-3D07-4ACA-97F1-570537B6567B}"
EndProject
Global
	GlobalSection(SolutionConfigurationPlatforms) = preSolution
		Debug|x64 = Debug|x64
		Debug|x86 = Debug|x86
		Release|x64 = Release|x64
		Release|x86 = Release|x86
	EndGlobalSection
	GlobalSection(ProjectConfigurationPlatforms) = postSolution
		{6E0889A2-D117-45F9-BF31-FEDDDB78CDB7}.Debug|x64.ActiveCfg = Debug|x64
		{6E0889A2-D117-45F9-BF31-FEDDDB78CDB7}.Debug|x64.Build.0 = Debug|x64
		{6E0889A2-D117-45F9-BF31-FEDDDB78CDB7}.Debug|x86.ActiveCfg = Debug|Win32
		{6E0889A2-D117-45F9-BF31-FEDDDB78CDB7}.Debug|x86.Build.0 = Debug|Win32
		{6E0889A2-D117-45F9-BF31-FEDDDB78CDB7}.Release|x64.ActiveCfg = Release|x64
		{6E0889A2-D117-45F9-BF31-FEDDDB78CDB7}.Release|x64.Build.0 = Release|x64
		{6E0889A2-D117-45F9-BF31-FEDDDB78CDB7}.Release|x86.ActiveCfg = Release|Win32
		{6E0889A2-D117-45F9-BF31-FEDDDB78CDB7}.Release|x86.Build.0 = Release|Win32
		{7A810310-D257-4C6A-83FC-E096E0EB1775}.Debug|x64.ActiveCfg = Debug|x64
		{7A810310-D257-4C6A-83FC-E096E0EB1775}.Debug|x64.Build.0 = Debug|x64
		{7A810310-D257-4C6A-83FC-E096E0EB1775}.Debug|x86.ActiveCfg = Debug|Win32
		{7A810310-D257-4C6A-83FC-E096E0EB1775}.Debug|x86.Build.0 = Debug|Win32
		{7A810310-D257-4C6A-83FC-E096E0EB1775}.Release|x64.ActiveCfg = Release|x64
		{7A810310-D257-4C6A-83FC-E096E0EB1775}.Release|x64.Build.0 = Release|x64
		{7A810310-D257-4C6A-83FC-E096E0EB1775}.Release|x86.ActiveCfg = Release|Win32
		{7A810310-D257-4C6A-83FC-E096E0EB1775}.Release|x86.Build.0 = Release|Win32
		{ABF094B6-0088-47B6-9511-362A0FA9D6C2}.Debug|x64.ActiveCfg = Debug|x64
		{ABF094B6-0088-47B6-9511-362A0FA9D6C2}.Debug|x64.Build.0 = Debug|x64
		{ABF094B6-0088-47B6-9511-362A0FA9D6C2}.Debug|x86.ActiveCfg = Debug|Win32
		{ABF094B6-0088-47B6-9511-362A0FA9D6C2}.Debug|x86.Build.0 = Debug|Win32
		{ABF094B6-0088-47B6-9511-362A0FA9D6C2}.Release|x64.ActiveCfg = Release|x64
		{ABF094B6-0088-47B6-9511-362A0FA9D6C2}.Release|x64.Build.0 = Release|x64
		{ABF094B6-0088-47B6-9511-362A0FA9D6C2}.Release|x86.ActiveCfg = Release|Win32
		{ABF094B6-0088-47B6-9511-362A0FA9D6C2}.Release|x86.Build.0 = Release|Win32
		{EC199160-3D07-4ACA-97F1-570537B6567B}.Debug|x64.ActiveCfg = Debug|x64
		{EC199160-3D07-4ACA-97F1-570537B6567B}.Debug|x64.Build.0 = Debug|x64
		{EC199160-3D07-4ACA-97F1-570537B6567B}.Debug|x86.ActiveCfg = Debug|Win32
		{EC199160-3D07-4ACA-97F1-570537B6567B}.Debug|x86.Build.0 = Debug|Win32
		{EC199160-3D07-4ACA-97F1-570537B6567B}.Release|x64.ActiveCfg = Release|x64
		{EC199160-3D07-4ACA-97F1-570537B6567B}.Release|x64.Build.0 = Release|x64
		{EC199160-3D07-4ACA-97F1-570537B6567B}.Release|x86.ActiveCfg = Release|Win32
		{EC199160-3D07-4ACA-97F1-570537B6567B}.Release|x86.Build.0 = Release|Win32
	EndGlobalSection
	GlobalSection(SolutionProperties) = preSolution
		HideSolutionNode = FALSE
	EndGlobalSection
	GlobalSection(ExtensibilityGlobals) = postSolution
		SolutionGuid = {3C05BE37-88D3-4E22-919A-24BD0D3C83AB}
	EndGlobalSection
EndGlobal
